// !$*UTF8*$!
{
	archiveVersion = 1;
	classes = {
	};
	objectVersion = 46;
	objects = {

/* Begin PBXBuildFile section */
		254694C61C8A6D8300C0F466 /* PrettyImageView.swift in Sources */ = {isa = PBXBuildFile; fileRef = 254694C51C8A6D8300C0F466 /* PrettyImageView.swift */; };
		254DF18D1C8A6D1800BFE687 /* AppDelegate.swift in Sources */ = {isa = PBXBuildFile; fileRef = 254DF18C1C8A6D1800BFE687 /* AppDelegate.swift */; };
		254DF18F1C8A6D1800BFE687 /* ViewController.swift in Sources */ = {isa = PBXBuildFile; fileRef = 254DF18E1C8A6D1800BFE687 /* ViewController.swift */; };
		254DF1921C8A6D1800BFE687 /* Main.storyboard in Resources */ = {isa = PBXBuildFile; fileRef = 254DF1901C8A6D1800BFE687 /* Main.storyboard */; };
		254DF1941C8A6D1800BFE687 /* Assets.xcassets in Resources */ = {isa = PBXBuildFile; fileRef = 254DF1931C8A6D1800BFE687 /* Assets.xcassets */; };
		254DF1971C8A6D1800BFE687 /* LaunchScreen.storyboard in Resources */ = {isa = PBXBuildFile; fileRef = 254DF1951C8A6D1800BFE687 /* LaunchScreen.storyboard */; };
/* End PBXBuildFile section */

/* Begin PBXFileReference section */
		254694C51C8A6D8300C0F466 /* PrettyImageView.swift */ = {isa = PBXFileReference; fileEncoding = 4; lastKnownFileType = sourcecode.swift; path = PrettyImageView.swift; sourceTree = "<group>"; };
		254DF1891C8A6D1800BFE687 /* PrettyImageViewDemo.app */ = {isa = PBXFileReference; explicitFileType = wrapper.application; includeInIndex = 0; path = PrettyImageViewDemo.app; sourceTree = BUILT_PRODUCTS_DIR; };
		254DF18C1C8A6D1800BFE687 /* AppDelegate.swift */ = {isa = PBXFileReference; lastKnownFileType = sourcecode.swift; path = AppDelegate.swift; sourceTree = "<group>"; };
		254DF18E1C8A6D1800BFE687 /* ViewController.swift */ = {isa = PBXFileReference; lastKnownFileType = sourcecode.swift; path = ViewController.swift; sourceTree = "<group>"; };
		254DF1911C8A6D1800BFE687 /* Base */ = {isa = PBXFileReference; lastKnownFileType = file.storyboard; name = Base; path = Base.lproj/Main.storyboard; sourceTree = "<group>"; };
		254DF1931C8A6D1800BFE687 /* Assets.xcassets */ = {isa = PBXFileReference; lastKnownFileType = folder.assetcatalog; path = Assets.xcassets; sourceTree = "<group>"; };
		254DF1961C8A6D1800BFE687 /* Base */ = {isa = PBXFileReference; lastKnownFileType = file.storyboard; name = Base; path = Base.lproj/LaunchScreen.storyboard; sourceTree = "<group>"; };
		254DF1981C8A6D1800BFE687 /* Info.plist */ = {isa = PBXFileReference; lastKnownFileType = text.plist.xml; path = Info.plist; sourceTree = "<group>"; };
/* End PBXFileReference section */

/* Begin PBXFrameworksBuildPhase section */
		254DF1861C8A6D1800BFE687 /* Frameworks */ = {
			isa = PBXFrameworksBuildPhase;
			buildActionMask = 2147483647;
			files = (
			);
			runOnlyForDeploymentPostprocessing = 0;
		};
/* End PBXFrameworksBuildPhase section */

/* Begin PBXGroup section */
		254DF1801C8A6D1800BFE687 = {
			isa = PBXGroup;
			children = (
				254DF18B1C8A6D1800BFE687 /* PrettyImageViewDemo */,
				254DF18A1C8A6D1800BFE687 /* Products */,
			);
			sourceTree = "<group>";
		};
		254DF18A1C8A6D1800BFE687 /* Products */ = {
			isa = PBXGroup;
			children = (
				254DF1891C8A6D1800BFE687 /* PrettyImageViewDemo.app */,
			);
			name = Products;
			sourceTree = "<group>";
		};
		254DF18B1C8A6D1800BFE687 /* PrettyImageViewDemo */ = {
			isa = PBXGroup;
			children = (
				254DF18C1C8A6D1800BFE687 /* AppDelegate.swift */,
				254DF18E1C8A6D1800BFE687 /* ViewController.swift */,
				254694C51C8A6D8300C0F466 /* PrettyImageView.swift */,
				254DF1901C8A6D1800BFE687 /* Main.storyboard */,
				254DF1931C8A6D1800BFE687 /* Assets.xcassets */,
				254DF1951C8A6D1800BFE687 /* LaunchScreen.storyboard */,
				254DF1981C8A6D1800BFE687 /* Info.plist */,
			);
			path = PrettyImageViewDemo;
			sourceTree = "<group>";
		};
/* End PBXGroup section */

/* Begin PBXNativeTarget section */
		254DF1881C8A6D1800BFE687 /* PrettyImageViewDemo */ = {
			isa = PBXNativeTarget;
			buildConfigurationList = 254DF19B1C8A6D1800BFE687 /* Build configuration list for PBXNativeTarget "PrettyImageViewDemo" */;
			buildPhases = (
				254DF1851C8A6D1800BFE687 /* Sources */,
				254DF1861C8A6D1800BFE687 /* Frameworks */,
				254DF1871C8A6D1800BFE687 /* Resources */,
			);
			buildRules = (
			);
			dependencies = (
			);
			name = PrettyImageViewDemo;
			productName = PrettyImageViewDemo;
			productReference = 254DF1891C8A6D1800BFE687 /* PrettyImageViewDemo.app */;
			productType = "com.apple.product-type.application";
		};
/* End PBXNativeTarget section */

/* Begin PBXProject section */
		254DF1811C8A6D1800BFE687 /* Project object */ = {
			isa = PBXProject;
			attributes = {
				LastSwiftUpdateCheck = 0720;
				LastUpgradeCheck = 0720;
				ORGANIZATIONNAME = PrettyImageView;
				TargetAttributes = {
					254DF1881C8A6D1800BFE687 = {
						CreatedOnToolsVersion = 7.2.1;
					};
				};
			};
			buildConfigurationList = 254DF1841C8A6D1800BFE687 /* Build configuration list for PBXProject "PrettyImageViewDemo" */;
			compatibilityVersion = "Xcode 3.2";
			developmentRegion = English;
			hasScannedForEncodings = 0;
			knownRegions = (
				en,
				Base,
			);
			mainGroup = 254DF1801C8A6D1800BFE687;
			productRefGroup = 254DF18A1C8A6D1800BFE687 /* Products */;
			projectDirPath = "";
			projectRoot = "";
			targets = (
				254DF1881C8A6D1800BFE687 /* PrettyImageViewDemo */,
			);
		};
/* End PBXProject section */

/* Begin PBXResourcesBuildPhase section */
		254DF1871C8A6D1800BFE687 /* Resources */ = {
			isa = PBXResourcesBuildPhase;
			buildActionMask = 2147483647;
			files = (
				254DF1971C8A6D1800BFE687 /* LaunchScreen.storyboard in Resources */,
				254DF1941C8A6D1800BFE687 /* Assets.xcassets in Resources */,
				254DF1921C8A6D1800BFE687 /* Main.storyboard in Resources */,
			);
			runOnlyForDeploymentPostprocessing = 0;
		};
/* End PBXResourcesBuildPhase section */

/* Begin PBXSourcesBuildPhase section */
		254DF1851C8A6D1800BFE687 /* Sources */ = {
			isa = PBXSourcesBuildPhase;
			buildActionMask = 2147483647;
			files = (
				254694C61C8A6D8300C0F466 /* PrettyImageView.swift in Sources */,
				254DF18F1C8A6D1800BFE687 /* ViewController.swift in Sources */,
				254DF18D1C8A6D1800BFE687 /* AppDelegate.swift in Sources */,
			);
			runOnlyForDeploymentPostprocessing = 0;
		};
/* End PBXSourcesBuildPhase section */

/* Begin PBXVariantGroup section */
		254DF1901C8A6D1800BFE687 /* Main.storyboard */ = {
			isa = PBXVariantGroup;
			children = (
				254DF1911C8A6D1800BFE687 /* Base */,
			);
			name = Main.storyboard;
			sourceTree = "<group>";
		};
		254DF1951C8A6D1800BFE687 /* LaunchScreen.storyboard */ = {
			isa = PBXVariantGroup;
			children = (
				254DF1961C8A6D1800BFE687 /* Base */,
			);
			name = LaunchScreen.storyboard;
			sourceTree = "<group>";
		};
/* End PBXVariantGroup section */

/* Begin XCBuildConfiguration section */
		254DF1991C8A6D1800BFE687 /* Debug */ = {
			isa = XCBuildConfiguration;
			buildSettings = {
				ALWAYS_SEARCH_USER_PATHS = NO;
				CLANG_CXX_LANGUAGE_STANDARD = "gnu++0x";
				CLANG_CXX_LIBRARY = "libc++";
				CLANG_ENABLE_MODULES = YES;
				CLANG_ENABLE_OBJC_ARC = YES;
				CLANG_WARN_BOOL_CONVERSION = YES;
				CLANG_WARN_CONSTANT_CONVERSION = YES;
				CLANG_WARN_DIRECT_OBJC_ISA_USAGE = YES_ERROR;
				CLANG_WARN_EMPTY_BODY = YES;
				CLANG_WARN_ENUM_CONVERSION = YES;
				CLANG_WARN_INT_CONVERSION = YES;
				CLANG_WARN_OBJC_ROOT_CLASS = YES_ERROR;
				CLANG_WARN_UNREACHABLE_CODE = YES;
				CLANG_WARN__DUPLICATE_METHOD_MATCH = YES;
				"CODE_SIGN_IDENTITY[sdk=iphoneos*]" = "iPhone Developer";
				COPY_PHASE_STRIP = NO;
				DEBUG_INFORMATION_FORMAT = dwarf;
				ENABLE_STRICT_OBJC_MSGSEND = YES;
				ENABLE_TESTABILITY = YES;
				GCC_C_LANGUAGE_STANDARD = gnu99;
				GCC_DYNAMIC_NO_PIC = NO;
				GCC_NO_COMMON_BLOCKS = YES;
				GCC_OPTIMIZATION_LEVEL = 0;
				GCC_PREPROCESSOR_DEFINITIONS = (
					"DEBUG=1",
					"$(inherited)",
				);
				GCC_WARN_64_TO_32_BIT_CONVERSION = YES;
				GCC_WARN_ABOUT_RETURN_TYPE = YES_ERROR;
				GCC_WARN_UNDECLARED_SELECTOR = YES;
				GCC_WARN_UNINITIALIZED_AUTOS = YES_AGGRESSIVE;
				GCC_WARN_UNUSED_FUNCTION = YES;
				GCC_WARN_UNUSED_VARIABLE = YES;
				IPHONEOS_DEPLOYMENT_TARGET = 9.2;
				MTL_ENABLE_DEBUG_INFO = YES;
				ONLY_ACTIVE_ARCH = YES;
				SDKROOT = iphoneos;
				SWIFT_OPTIMIZATION_LEVEL = "-Onone";
			};
			name = Debug;
		};
		254DF19A1C8A6D1800BFE687 /* Release */ = {
			isa = XCBuildConfiguration;
			buildSettings = {
				ALWAYS_SEARCH_USER_PATHS = NO;
				CLANG_CXX_LANGUAGE_STANDARD = "gnu++0x";
				CLANG_CXX_LIBRARY = "libc++";
				CLANG_ENABLE_MODULES = YES;
				CLANG_ENABLE_OBJC_ARC = YES;
				CLANG_WARN_BOOL_CONVERSION = YES;
				CLANG_WARN_CONSTANT_CONVERSION = YES;
				CLANG_WARN_DIRECT_OBJC_ISA_USAGE = YES_ERROR;
				CLANG_WARN_EMPTY_BODY = YES;
				CLANG_WARN_ENUM_CONVERSION = YES;
				CLANG_WARN_INT_CONVERSION = YES;
				CLANG_WARN_OBJC_ROOT_CLASS = YES_ERROR;
				CLANG_WARN_UNREACHABLE_CODE = YES;
				CLANG_WARN__DUPLICATE_METHOD_MATCH = YES;
				"CODE_SIGN_IDENTITY[sdk=iphoneos*]" = "iPhone Developer";
				COPY_PHASE_STRIP = NO;
				DEBUG_INFORMATION_FORMAT = "dwarf-with-dsym";
				ENABLE_NS_ASSERTIONS = NO;
				ENABLE_STRICT_OBJC_MSGSEND = YES;
				GCC_C_LANGUAGE_STANDARD = gnu99;
				GCC_NO_COMMON_BLOCKS = YES;
				GCC_WARN_64_TO_32_BIT_CONVERSION = YES;
				GCC_WARN_ABOUT_RETURN_TYPE = YES_ERROR;
				GCC_WARN_UNDECLARED_SELECTOR = YES;
				GCC_WARN_UNINITIALIZED_AUTOS = YES_AGGRESSIVE;
				GCC_WARN_UNUSED_FUNCTION = YES;
				GCC_WARN_UNUSED_VARIABLE = YES;
				IPHONEOS_DEPLOYMENT_TARGET = 9.2;
				MTL_ENABLE_DEBUG_INFO = NO;
				SDKROOT = iphoneos;
				VALIDATE_PRODUCT = YES;
			};
			name = Release;
		};
		254DF19C1C8A6D1800BFE687 /* Debug */ = {
			isa = XCBuildConfiguration;
			buildSettings = {
				ASSETCATALOG_COMPILER_APPICON_NAME = AppIcon;
				INFOPLIST_FILE = PrettyImageViewDemo/Info.plist;
				LD_RUNPATH_SEARCH_PATHS = "$(inherited) @executable_path/Frameworks";
				PRODUCT_BUNDLE_IDENTIFIER = com.PrettyImageView.PrettyImageViewDemo;
				PRODUCT_NAME = "$(TARGET_NAME)";
			};
			name = Debug;
		};
		254DF19D1C8A6D1800BFE687 /* Release */ = {
			isa = XCBuildConfiguration;
			buildSettings = {
				ASSETCATALOG_COMPILER_APPICON_NAME = AppIcon;
				INFOPLIST_FILE = PrettyImageViewDemo/Info.plist;
				LD_RUNPATH_SEARCH_PATHS = "$(inherited) @executable_path/Frameworks";
				PRODUCT_BUNDLE_IDENTIFIER = com.PrettyImageView.PrettyImageViewDemo;
				PRODUCT_NAME = "$(TARGET_NAME)";
			};
			name = Release;
		};
/* End XCBuildConfiguration section */

/* Begin XCConfigurationList section */
		254DF1841C8A6D1800BFE687 /* Build configuration list for PBXProject "PrettyImageViewDemo" */ = {
			isa = XCConfigurationList;
			buildConfigurations = (
				254DF1991C8A6D1800BFE687 /* Debug */,
				254DF19A1C8A6D1800BFE687 /* Release */,
			);
			defaultConfigurationIsVisible = 0;
			defaultConfigurationName = Release;
		};
		254DF19B1C8A6D1800BFE687 /* Build configuration list for PBXNativeTarget "PrettyImageViewDemo" */ = {
			isa = XCConfigurationList;
			buildConfigurations = (
				254DF19C1C8A6D1800BFE687 /* Debug */,
				254DF19D1C8A6D1800BFE687 /* Release */,
			);
			defaultConfigurationIsVisible = 0;
			defaultConfigurationName = Release;
		};
/* End XCConfigurationList section */
	};
	rootObject = 254DF1811C8A6D1800BFE687 /* Project object */;
}
